
Microsoft Visual Studio Solution File, Format Version 12.00
# Visual Studio Version 16
VisualStudioVersion = 16.0.33027.164
MinimumVisualStudioVersion = 10.0.40219.1
Project("{FAE04EC0-301F-11D3-BF4B-00C04F79EFBC}") = "RobotNavigator", "RobotNavigator\RobotNavigator.csproj", "{B3697F0A-BCC3-4C58-A385-5A7AAA4275D2}"
EndProject
Global
	GlobalSection(SolutionConfigurationPlatforms) = preSolution
		Debug|Any CPU = Debug|Any CPU
		Release|Any CPU = Release|Any CPU
	EndGlobalSection
	GlobalSection(ProjectConfigurationPlatforms) = postSolution
		{B3697F0A-BCC3-4C58-A385-5A7AAA4275D2}.Debug|Any CPU.ActiveCfg = Debug|Any CPU
		{B3697F0A-BCC3-4C58-A385-5A7AAA4275D2}.Debug|Any CPU.Build.0 = Debug|Any CPU
		{B3697F0A-BCC3-4C58-A385-5A7AAA4275D2}.Release|Any CPU.ActiveCfg = Release|Any CPU
		{B3697F0A-BCC3-4C58-A385-5A7AAA4275D2}.Release|Any CPU.Build.0 = Release|Any CPU
	EndGlobalSection
	GlobalSection(SolutionProperties) = preSolution
		HideSolutionNode = FALSE
	EndGlobalSection
	GlobalSection(ExtensibilityGlobals) = postSolution
		SolutionGuid = {6D448E0E-2D1C-4562-99EE-418A45426B52}
	EndGlobalSection
EndGlobal
